// !$*UTF8*$!
{
	archiveVersion = 1;
	classes = {
	};
	objectVersion = 46;
	objects = {

/* Begin PBXBuildFile section */
		551B08531FDF5650008AE439 /* Localizable.strings in Resources */ = {isa = PBXBuildFile; fileRef = 551B08551FDF5650008AE439 /* Localizable.strings */; };
		55EFF2231FDE8DE0007A4610 /* Assets.xcassets in Resources */ = {isa = PBXBuildFile; fileRef = 55EFF2221FDE8DE0007A4610 /* Assets.xcassets */; };
		8D15AC2C0486D014006FF6A4 /* Credits.rtf in Resources */ = {isa = PBXBuildFile; fileRef = 2A37F4B9FDCFA73011CA2CEA /* Credits.rtf */; };
		8D15AC2F0486D014006FF6A4 /* InfoPlist.strings in Resources */ = {isa = PBXBuildFile; fileRef = 089C165FFE840EACC02AAC07 /* InfoPlist.strings */; };
		8D15AC310486D014006FF6A4 /* GCDrawDemoDocument.m in Sources */ = {isa = PBXBuildFile; fileRef = 2A37F4ACFDCFA73011CA2CEA /* GCDrawDemoDocument.m */; settings = {ATTRIBUTES = (); }; };
		8D15AC320486D014006FF6A4 /* main.m in Sources */ = {isa = PBXBuildFile; fileRef = 2A37F4B0FDCFA73011CA2CEA /* main.m */; settings = {ATTRIBUTES = (); }; };
		8D15AC340486D014006FF6A4 /* Cocoa.framework in Frameworks */ = {isa = PBXBuildFile; fileRef = 1058C7A7FEA54F5311CA2CBB /* Cocoa.framework */; };
		965B6AD00C28ACDB00FFCC95 /* QuartzCore.framework in Frameworks */ = {isa = PBXBuildFile; fileRef = 965B6ACF0C28ACDB00FFCC95 /* QuartzCore.framework */; };
		96F5177E0B8A72760047BA96 /* GCDrawKitAppDelegate.m in Sources */ = {isa = PBXBuildFile; fileRef = 96F5177B0B8A72760047BA96 /* GCDrawKitAppDelegate.m */; };
		AA206DD40D90A0E6003205BD /* GCDrawDemoDocument.xib in Resources */ = {isa = PBXBuildFile; fileRef = AA206DD20D90A0E6003205BD /* GCDrawDemoDocument.xib */; };
		AA7431D40D80FF3D0013CA82 /* DKGraphicInspector.xib in Resources */ = {isa = PBXBuildFile; fileRef = AA7431D20D80FF3D0013CA82 /* DKGraphicInspector.xib */; };
		AA7431D80D80FF830013CA82 /* Drawingsize.xib in Resources */ = {isa = PBXBuildFile; fileRef = AA7431D60D80FF830013CA82 /* Drawingsize.xib */; };
		AA7431E20D8101230013CA82 /* LayersPalette.xib in Resources */ = {isa = PBXBuildFile; fileRef = AA7431E00D8101230013CA82 /* LayersPalette.xib */; };
		AA7431E50D81015B0013CA82 /* MainMenu.xib in Resources */ = {isa = PBXBuildFile; fileRef = AA7431E30D81015B0013CA82 /* MainMenu.xib */; };
		AA7431EB0D8101660013CA82 /* ObjectInspector.xib in Resources */ = {isa = PBXBuildFile; fileRef = AA7431E90D8101660013CA82 /* ObjectInspector.xib */; };
		AA7431EE0D81016B0013CA82 /* StyleInspector.xib in Resources */ = {isa = PBXBuildFile; fileRef = AA7431EC0D81016B0013CA82 /* StyleInspector.xib */; };
		AA7431F10D8101720013CA82 /* StyleManager.xib in Resources */ = {isa = PBXBuildFile; fileRef = AA7431EF0D8101720013CA82 /* StyleManager.xib */; };
		AA7431F40D8101790013CA82 /* ToolPalette.xib in Resources */ = {isa = PBXBuildFile; fileRef = AA7431F20D8101790013CA82 /* ToolPalette.xib */; };
		AA89A4630D7E03E70092F050 /* DKDrawKit.framework in Copy Frameworks */ = {isa = PBXBuildFile; fileRef = AA89A45E0D7E03B90092F050 /* DKDrawKit.framework */; settings = {ATTRIBUTES = (CodeSignOnCopy, RemoveHeadersOnCopy, ); }; };
		AA89A4B10D7E0D2D0092F050 /* DKDrawKit.framework in Frameworks */ = {isa = PBXBuildFile; fileRef = AA89A45E0D7E03B90092F050 /* DKDrawKit.framework */; };
		BF2866280E26ED05001CD43F /* GCExportOptionsController.m in Sources */ = {isa = PBXBuildFile; fileRef = BF2866270E26ED05001CD43F /* GCExportOptionsController.m */; };
		BF3579750DEE5F5C00C9B16D /* NSWindow+SheetAdditions.m in Sources */ = {isa = PBXBuildFile; fileRef = BF3579740DEE5F5C00C9B16D /* NSWindow+SheetAdditions.m */; };
		BF58D0060C7526A6009B85CC /* DKGradientCell.m in Sources */ = {isa = PBXBuildFile; fileRef = BF58CFE20C7526A6009B85CC /* DKGradientCell.m */; };
		BF58D0080C7526A6009B85CC /* GCColourPickerView.m in Sources */ = {isa = PBXBuildFile; fileRef = BF58CFE40C7526A6009B85CC /* GCColourPickerView.m */; };
		BF58D00A0C7526A6009B85CC /* GCGradientCell.m in Sources */ = {isa = PBXBuildFile; fileRef = BF58CFE60C7526A6009B85CC /* GCGradientCell.m */; };
		BF58D00E0C7526A6009B85CC /* GCGradientPasteboard.m in Sources */ = {isa = PBXBuildFile; fileRef = BF58CFEA0C7526A6009B85CC /* GCGradientPasteboard.m */; };
		BF58D0100C7526A6009B85CC /* GCGradientWell.m in Sources */ = {isa = PBXBuildFile; fileRef = BF58CFEC0C7526A6009B85CC /* GCGradientWell.m */; };
		BF58D0120C7526A6009B85CC /* GCMiniCircularSlider.m in Sources */ = {isa = PBXBuildFile; fileRef = BF58CFEE0C7526A6009B85CC /* GCMiniCircularSlider.m */; };
		BF58D0140C7526A6009B85CC /* GCMiniControl.m in Sources */ = {isa = PBXBuildFile; fileRef = BF58CFF00C7526A6009B85CC /* GCMiniControl.m */; };
		BF58D0160C7526A6009B85CC /* GCMiniControlCluster.m in Sources */ = {isa = PBXBuildFile; fileRef = BF58CFF20C7526A6009B85CC /* GCMiniControlCluster.m */; };
		BF58D0180C7526A6009B85CC /* GCMiniRadialControl2.m in Sources */ = {isa = PBXBuildFile; fileRef = BF58CFF40C7526A6009B85CC /* GCMiniRadialControl2.m */; };
		BF58D01A0C7526A6009B85CC /* GCMiniRadialControls.m in Sources */ = {isa = PBXBuildFile; fileRef = BF58CFF60C7526A6009B85CC /* GCMiniRadialControls.m */; };
		BF58D01C0C7526A6009B85CC /* GCMiniSlider.m in Sources */ = {isa = PBXBuildFile; fileRef = BF58CFF80C7526A6009B85CC /* GCMiniSlider.m */; };
		BF58D01E0C7526A6009B85CC /* GCSpecialColorWell.m in Sources */ = {isa = PBXBuildFile; fileRef = BF58CFFA0C7526A6009B85CC /* GCSpecialColorWell.m */; };
		BF58D0200C7526A6009B85CC /* GCWindowMenu.m in Sources */ = {isa = PBXBuildFile; fileRef = BF58CFFC0C7526A6009B85CC /* GCWindowMenu.m */; };
		BF58D0220C7526A6009B85CC /* NSBezierPath+GCAdditions.m in Sources */ = {isa = PBXBuildFile; fileRef = BF58CFFE0C7526A6009B85CC /* NSBezierPath+GCAdditions.m */; };
		BF58D0240C7526A6009B85CC /* NSFolderManagerAdditions.m in Sources */ = {isa = PBXBuildFile; fileRef = BF58D0000C7526A6009B85CC /* NSFolderManagerAdditions.m */; };
		BF58D0260C7526A6009B85CC /* WTGradientControl.m in Sources */ = {isa = PBXBuildFile; fileRef = BF58D0020C7526A6009B85CC /* WTGradientControl.m */; };
		BF58D0280C7526A6009B85CC /* WTPlistKeyValueCoding.m in Sources */ = {isa = PBXBuildFile; fileRef = BF58D0040C7526A6009B85CC /* WTPlistKeyValueCoding.m */; };
		BF700E1F0BF6B59F00080B21 /* GCStyleInspector.m in Sources */ = {isa = PBXBuildFile; fileRef = BF700E1D0BF6B59F00080B21 /* GCStyleInspector.m */; };
		BF7019420BFD8A3900080B21 /* GCDashEditor.m in Sources */ = {isa = PBXBuildFile; fileRef = BF7019400BFD8A3900080B21 /* GCDashEditor.m */; };
		BF701A0C0BFDAAD800080B21 /* GCDashEditView.m in Sources */ = {isa = PBXBuildFile; fileRef = BF701A0A0BFDAAD800080B21 /* GCDashEditView.m */; };
		BF8726580D91E3FC001F09AC /* GCDrawDemoPrefsController.m in Sources */ = {isa = PBXBuildFile; fileRef = BF8726560D91E3FC001F09AC /* GCDrawDemoPrefsController.m */; };
		BF87265B0D91E53B001F09AC /* Preferences.xib in Resources */ = {isa = PBXBuildFile; fileRef = BF8726590D91E53B001F09AC /* Preferences.xib */; };
		BF88FC9D0C1D0CA100A23755 /* GCToolPalette.m in Sources */ = {isa = PBXBuildFile; fileRef = BF88FC9B0C1D0CA100A23755 /* GCToolPalette.m */; };
		BF8C00B30E408F1D004206C9 /* GCDrawDemoDocument+ShortestRoute.m in Sources */ = {isa = PBXBuildFile; fileRef = BF8C00B20E408F1D004206C9 /* GCDrawDemoDocument+ShortestRoute.m */; };
		BF95157B0DBB6E03009E8CEC /* RSVerticallyCenteredTextFieldCell.m in Sources */ = {isa = PBXBuildFile; fileRef = BF95157A0DBB6E03009E8CEC /* RSVerticallyCenteredTextFieldCell.m */; };
		BFA9670A0D7580BC00D976CB /* GCBasicDialogController.m in Sources */ = {isa = PBXBuildFile; fileRef = BFA967080D7580BC00D976CB /* GCBasicDialogController.m */; };
		BFAA66490DBEDDE500EE8236 /* GCOutlineView.m in Sources */ = {isa = PBXBuildFile; fileRef = BFAA66480DBEDDE500EE8236 /* GCOutlineView.m */; };
		BFDB12450C2B81630034C27C /* GCPolarDuplicateController.m in Sources */ = {isa = PBXBuildFile; fileRef = BFDB12430C2B81630034C27C /* GCPolarDuplicateController.m */; };
		BFF06B200C3892F3008D427F /* DrawingSizeController.m in Sources */ = {isa = PBXBuildFile; fileRef = BFF06B1E0C3892F3008D427F /* DrawingSizeController.m */; };
		BFF06D350C3B5204008D427F /* GCObjectInspector.m in Sources */ = {isa = PBXBuildFile; fileRef = BFF06D330C3B5204008D427F /* GCObjectInspector.m */; };
		BFF071670C3FAE8D008D427F /* GCDrawDemoDocument+TimelineLayout.m in Sources */ = {isa = PBXBuildFile; fileRef = BFF071650C3FAE8D008D427F /* GCDrawDemoDocument+TimelineLayout.m */; };
		BFF08D5D0C583808008D427F /* GCLayersPaletteController.m in Sources */ = {isa = PBXBuildFile; fileRef = BFF08D5B0C583808008D427F /* GCLayersPaletteController.m */; };
		BFF08EC60C58CE4A008D427F /* GCStyleManagerDialog.m in Sources */ = {isa = PBXBuildFile; fileRef = BFF08EC40C58CE4A008D427F /* GCStyleManagerDialog.m */; };
		BFF090960C5C4ECF008D427F /* GCCheckboxCell.m in Sources */ = {isa = PBXBuildFile; fileRef = BFF090940C5C4ECF008D427F /* GCCheckboxCell.m */; };
		BFF090B50C5C53C6008D427F /* GCTableView.m in Sources */ = {isa = PBXBuildFile; fileRef = BFF090B30C5C53C6008D427F /* GCTableView.m */; };
		BFFC4FC30DA19786003E1655 /* GCLinearDuplicateController.m in Sources */ = {isa = PBXBuildFile; fileRef = BFFC4FC20DA19786003E1655 /* GCLinearDuplicateController.m */; };
/* End PBXBuildFile section */

/* Begin PBXContainerItemProxy section */
		55EFF2131FDE4970007A4610 /* PBXContainerItemProxy */ = {
			isa = PBXContainerItemProxy;
			containerPortal = AA89A4550D7E03B90092F050 /* DrawKit.xcodeproj */;
			proxyType = 2;
			remoteGlobalIDString = 553CF02A1FDDC2EF003E9342;
			remoteInfo = DrawKitSwift;
		};
		AA89A45D0D7E03B90092F050 /* PBXContainerItemProxy */ = {
			isa = PBXContainerItemProxy;
			containerPortal = AA89A4550D7E03B90092F050 /* DrawKit.xcodeproj */;
			proxyType = 2;
			remoteGlobalIDString = 9660E6100BEF442B00B6A38C;
			remoteInfo = DrawKit;
		};
		AA89A4610D7E03D00092F050 /* PBXContainerItemProxy */ = {
			isa = PBXContainerItemProxy;
			containerPortal = AA89A4550D7E03B90092F050 /* DrawKit.xcodeproj */;
			proxyType = 1;
			remoteGlobalIDString = 8DC2EF4F0486A6940098B216;
			remoteInfo = DrawKit;
		};
		BFCFD4F70F69D7630027A583 /* PBXContainerItemProxy */ = {
			isa = PBXContainerItemProxy;
			containerPortal = AA89A4550D7E03B90092F050 /* DrawKit.xcodeproj */;
			proxyType = 2;
			remoteGlobalIDString = BF2EE49B0F66011D00B8CFFD;
			remoteInfo = DKUnitTests;
		};
/* End PBXContainerItemProxy section */

/* Begin PBXCopyFilesBuildPhase section */
		AA89A27A0D7DCB800092F050 /* Copy Frameworks */ = {
			isa = PBXCopyFilesBuildPhase;
			buildActionMask = 2147483647;
			dstPath = "";
			dstSubfolderSpec = 10;
			files = (
				AA89A4630D7E03E70092F050 /* DKDrawKit.framework in Copy Frameworks */,
			);
			name = "Copy Frameworks";
			runOnlyForDeploymentPostprocessing = 0;
		};
/* End PBXCopyFilesBuildPhase section */

/* Begin PBXFileReference section */
		089C1660FE840EACC02AAC07 /* InfoPlist.strings */ = {isa = PBXFileReference; fileEncoding = 4; lastKnownFileType = text.plist.strings; name = InfoPlist.strings; path = English.lproj/InfoPlist.strings; sourceTree = "<group>"; };
		1058C7A7FEA54F5311CA2CBB /* Cocoa.framework */ = {isa = PBXFileReference; lastKnownFileType = wrapper.framework; name = Cocoa.framework; path = System/Library/Frameworks/Cocoa.framework; sourceTree = SDKROOT; };
		13E42FBA07B3F13500E4EEF1 /* CoreData.framework */ = {isa = PBXFileReference; lastKnownFileType = wrapper.framework; name = CoreData.framework; path = System/Library/Frameworks/CoreData.framework; sourceTree = SDKROOT; };
		2A37F4ACFDCFA73011CA2CEA /* GCDrawDemoDocument.m */ = {isa = PBXFileReference; fileEncoding = 4; lastKnownFileType = sourcecode.c.objc; path = GCDrawDemoDocument.m; sourceTree = "<group>"; };
		2A37F4AEFDCFA73011CA2CEA /* GCDrawDemoDocument.h */ = {isa = PBXFileReference; fileEncoding = 4; lastKnownFileType = sourcecode.c.h; path = GCDrawDemoDocument.h; sourceTree = "<group>"; };
		2A37F4B0FDCFA73011CA2CEA /* main.m */ = {isa = PBXFileReference; fileEncoding = 4; lastKnownFileType = sourcecode.c.objc; name = main.m; path = Code/main.m; sourceTree = "<group>"; };
		2A37F4BAFDCFA73011CA2CEA /* Credits.rtf */ = {isa = PBXFileReference; lastKnownFileType = text.rtf; name = Credits.rtf; path = English.lproj/Credits.rtf; sourceTree = "<group>"; };
		2A37F4C4FDCFA73011CA2CEA /* AppKit.framework */ = {isa = PBXFileReference; lastKnownFileType = wrapper.framework; name = AppKit.framework; path = System/Library/Frameworks/AppKit.framework; sourceTree = SDKROOT; };
		2A37F4C5FDCFA73011CA2CEA /* Foundation.framework */ = {isa = PBXFileReference; lastKnownFileType = wrapper.framework; name = Foundation.framework; path = System/Library/Frameworks/Foundation.framework; sourceTree = SDKROOT; };
		32DBCF750370BD2300C91783 /* DrawDemo_Prefix.pch */ = {isa = PBXFileReference; fileEncoding = 4; lastKnownFileType = sourcecode.c.h; name = DrawDemo_Prefix.pch; path = Code/DrawDemo_Prefix.pch; sourceTree = "<group>"; };
		551B08541FDF5650008AE439 /* en */ = {isa = PBXFileReference; fileEncoding = 4; lastKnownFileType = text.plist.strings; name = en; path = en.lproj/Localizable.strings; sourceTree = "<group>"; };
		55EFF2221FDE8DE0007A4610 /* Assets.xcassets */ = {isa = PBXFileReference; lastKnownFileType = folder.assetcatalog; path = Assets.xcassets; sourceTree = "<group>"; };
		8D15AC370486D014006FF6A4 /* GCDrawDemo.app */ = {isa = PBXFileReference; explicitFileType = wrapper.application; includeInIndex = 0; path = GCDrawDemo.app; sourceTree = BUILT_PRODUCTS_DIR; };
		965B6ACF0C28ACDB00FFCC95 /* QuartzCore.framework */ = {isa = PBXFileReference; lastKnownFileType = wrapper.framework; name = QuartzCore.framework; path = System/Library/Frameworks/QuartzCore.framework; sourceTree = SDKROOT; };
		96F5177A0B8A72760047BA96 /* GCDrawKitAppDelegate.h */ = {isa = PBXFileReference; fileEncoding = 4; lastKnownFileType = sourcecode.c.h; path = GCDrawKitAppDelegate.h; sourceTree = "<group>"; };
		96F5177B0B8A72760047BA96 /* GCDrawKitAppDelegate.m */ = {isa = PBXFileReference; fileEncoding = 4; lastKnownFileType = sourcecode.c.objc; path = GCDrawKitAppDelegate.m; sourceTree = "<group>"; };
		AA206DD30D90A0E6003205BD /* English */ = {isa = PBXFileReference; lastKnownFileType = file.xib; name = English; path = English.lproj/GCDrawDemoDocument.xib; sourceTree = "<group>"; };
		AA7431D30D80FF3D0013CA82 /* English */ = {isa = PBXFileReference; lastKnownFileType = file.xib; name = English; path = English.lproj/DKGraphicInspector.xib; sourceTree = "<group>"; };
		AA7431D70D80FF830013CA82 /* English */ = {isa = PBXFileReference; lastKnownFileType = file.xib; name = English; path = English.lproj/Drawingsize.xib; sourceTree = "<group>"; };
		AA7431E10D8101230013CA82 /* English */ = {isa = PBXFileReference; lastKnownFileType = file.xib; name = English; path = English.lproj/LayersPalette.xib; sourceTree = "<group>"; };
		AA7431E40D81015B0013CA82 /* English */ = {isa = PBXFileReference; lastKnownFileType = file.xib; name = English; path = English.lproj/MainMenu.xib; sourceTree = "<group>"; };
		AA7431EA0D8101660013CA82 /* English */ = {isa = PBXFileReference; lastKnownFileType = file.xib; name = English; path = English.lproj/ObjectInspector.xib; sourceTree = "<group>"; };
		AA7431ED0D81016B0013CA82 /* English */ = {isa = PBXFileReference; lastKnownFileType = file.xib; name = English; path = English.lproj/StyleInspector.xib; sourceTree = "<group>"; };
		AA7431F00D8101720013CA82 /* English */ = {isa = PBXFileReference; lastKnownFileType = file.xib; name = English; path = English.lproj/StyleManager.xib; sourceTree = "<group>"; };
		AA7431F30D8101790013CA82 /* English */ = {isa = PBXFileReference; lastKnownFileType = file.xib; name = English; path = English.lproj/ToolPalette.xib; sourceTree = "<group>"; };
		AA80733D0DA4951B005BCAA0 /* DrawDemo.xcconfig */ = {isa = PBXFileReference; fileEncoding = 4; lastKnownFileType = text.xcconfig; path = DrawDemo.xcconfig; sourceTree = "<group>"; };
		AA8073650DA49912005BCAA0 /* DrawDemoInfo.plist */ = {isa = PBXFileReference; fileEncoding = 4; lastKnownFileType = text.plist.xml; path = DrawDemoInfo.plist; sourceTree = "<group>"; };
		AA89A4550D7E03B90092F050 /* DrawKit.xcodeproj */ = {isa = PBXFileReference; lastKnownFileType = "wrapper.pb-project"; name = DrawKit.xcodeproj; path = DrawKit/DrawKit.xcodeproj; sourceTree = SOURCE_ROOT; };
		BF2866260E26ED05001CD43F /* GCExportOptionsController.h */ = {isa = PBXFileReference; fileEncoding = 4; lastKnownFileType = sourcecode.c.h; path = GCExportOptionsController.h; sourceTree = "<group>"; };
		BF2866270E26ED05001CD43F /* GCExportOptionsController.m */ = {isa = PBXFileReference; fileEncoding = 4; lastKnownFileType = sourcecode.c.objc; path = GCExportOptionsController.m; sourceTree = "<group>"; };
		BF3579730DEE5F5C00C9B16D /* NSWindow+SheetAdditions.h */ = {isa = PBXFileReference; fileEncoding = 4; lastKnownFileType = sourcecode.c.h; path = "NSWindow+SheetAdditions.h"; sourceTree = "<group>"; };
		BF3579740DEE5F5C00C9B16D /* NSWindow+SheetAdditions.m */ = {isa = PBXFileReference; fileEncoding = 4; lastKnownFileType = sourcecode.c.objc; path = "NSWindow+SheetAdditions.m"; sourceTree = "<group>"; };
		BF58CFE10C7526A6009B85CC /* DKGradientCell.h */ = {isa = PBXFileReference; fileEncoding = 30; lastKnownFileType = sourcecode.c.h; path = DKGradientCell.h; sourceTree = "<group>"; };
		BF58CFE20C7526A6009B85CC /* DKGradientCell.m */ = {isa = PBXFileReference; fileEncoding = 30; lastKnownFileType = sourcecode.c.objc; path = DKGradientCell.m; sourceTree = "<group>"; };
		BF58CFE30C7526A6009B85CC /* GCColourPickerView.h */ = {isa = PBXFileReference; fileEncoding = 30; lastKnownFileType = sourcecode.c.h; path = GCColourPickerView.h; sourceTree = "<group>"; };
		BF58CFE40C7526A6009B85CC /* GCColourPickerView.m */ = {isa = PBXFileReference; fileEncoding = 30; lastKnownFileType = sourcecode.c.objc; path = GCColourPickerView.m; sourceTree = "<group>"; };
		BF58CFE50C7526A6009B85CC /* GCGradientCell.h */ = {isa = PBXFileReference; fileEncoding = 30; lastKnownFileType = sourcecode.c.h; path = GCGradientCell.h; sourceTree = "<group>"; };
		BF58CFE60C7526A6009B85CC /* GCGradientCell.m */ = {isa = PBXFileReference; fileEncoding = 30; lastKnownFileType = sourcecode.c.objc; path = GCGradientCell.m; sourceTree = "<group>"; };
		BF58CFE90C7526A6009B85CC /* GCGradientPasteboard.h */ = {isa = PBXFileReference; fileEncoding = 30; lastKnownFileType = sourcecode.c.h; path = GCGradientPasteboard.h; sourceTree = "<group>"; };
		BF58CFEA0C7526A6009B85CC /* GCGradientPasteboard.m */ = {isa = PBXFileReference; fileEncoding = 30; lastKnownFileType = sourcecode.c.objc; path = GCGradientPasteboard.m; sourceTree = "<group>"; };
		BF58CFEB0C7526A6009B85CC /* GCGradientWell.h */ = {isa = PBXFileReference; fileEncoding = 30; lastKnownFileType = sourcecode.c.h; path = GCGradientWell.h; sourceTree = "<group>"; };
		BF58CFEC0C7526A6009B85CC /* GCGradientWell.m */ = {isa = PBXFileReference; fileEncoding = 30; lastKnownFileType = sourcecode.c.objc; path = GCGradientWell.m; sourceTree = "<group>"; };
		BF58CFED0C7526A6009B85CC /* GCMiniCircularSlider.h */ = {isa = PBXFileReference; fileEncoding = 30; lastKnownFileType = sourcecode.c.h; path = GCMiniCircularSlider.h; sourceTree = "<group>"; };
		BF58CFEE0C7526A6009B85CC /* GCMiniCircularSlider.m */ = {isa = PBXFileReference; fileEncoding = 30; lastKnownFileType = sourcecode.c.objc; path = GCMiniCircularSlider.m; sourceTree = "<group>"; };
		BF58CFEF0C7526A6009B85CC /* GCMiniControl.h */ = {isa = PBXFileReference; fileEncoding = 30; lastKnownFileType = sourcecode.c.h; path = GCMiniControl.h; sourceTree = "<group>"; };
		BF58CFF00C7526A6009B85CC /* GCMiniControl.m */ = {isa = PBXFileReference; fileEncoding = 30; lastKnownFileType = sourcecode.c.objc; path = GCMiniControl.m; sourceTree = "<group>"; };
		BF58CFF10C7526A6009B85CC /* GCMiniControlCluster.h */ = {isa = PBXFileReference; fileEncoding = 30; lastKnownFileType = sourcecode.c.h; path = GCMiniControlCluster.h; sourceTree = "<group>"; };
		BF58CFF20C7526A6009B85CC /* GCMiniControlCluster.m */ = {isa = PBXFileReference; fileEncoding = 30; lastKnownFileType = sourcecode.c.objc; path = GCMiniControlCluster.m; sourceTree = "<group>"; };
		BF58CFF30C7526A6009B85CC /* GCMiniRadialControl2.h */ = {isa = PBXFileReference; fileEncoding = 30; lastKnownFileType = sourcecode.c.h; path = GCMiniRadialControl2.h; sourceTree = "<group>"; };
		BF58CFF40C7526A6009B85CC /* GCMiniRadialControl2.m */ = {isa = PBXFileReference; fileEncoding = 4; lastKnownFileType = sourcecode.c.objc; path = GCMiniRadialControl2.m; sourceTree = "<group>"; };
		BF58CFF50C7526A6009B85CC /* GCMiniRadialControls.h */ = {isa = PBXFileReference; fileEncoding = 30; lastKnownFileType = sourcecode.c.h; path = GCMiniRadialControls.h; sourceTree = "<group>"; };
		BF58CFF60C7526A6009B85CC /* GCMiniRadialControls.m */ = {isa = PBXFileReference; fileEncoding = 30; lastKnownFileType = sourcecode.c.objc; path = GCMiniRadialControls.m; sourceTree = "<group>"; };
		BF58CFF70C7526A6009B85CC /* GCMiniSlider.h */ = {isa = PBXFileReference; fileEncoding = 30; lastKnownFileType = sourcecode.c.h; path = GCMiniSlider.h; sourceTree = "<group>"; };
		BF58CFF80C7526A6009B85CC /* GCMiniSlider.m */ = {isa = PBXFileReference; fileEncoding = 30; lastKnownFileType = sourcecode.c.objc; path = GCMiniSlider.m; sourceTree = "<group>"; };
		BF58CFF90C7526A6009B85CC /* GCSpecialColorWell.h */ = {isa = PBXFileReference; fileEncoding = 30; lastKnownFileType = sourcecode.c.h; path = GCSpecialColorWell.h; sourceTree = "<group>"; };
		BF58CFFA0C7526A6009B85CC /* GCSpecialColorWell.m */ = {isa = PBXFileReference; fileEncoding = 30; lastKnownFileType = sourcecode.c.objc; path = GCSpecialColorWell.m; sourceTree = "<group>"; };
		BF58CFFB0C7526A6009B85CC /* GCWindowMenu.h */ = {isa = PBXFileReference; fileEncoding = 30; lastKnownFileType = sourcecode.c.h; path = GCWindowMenu.h; sourceTree = "<group>"; };
		BF58CFFC0C7526A6009B85CC /* GCWindowMenu.m */ = {isa = PBXFileReference; fileEncoding = 30; lastKnownFileType = sourcecode.c.objc; path = GCWindowMenu.m; sourceTree = "<group>"; };
		BF58CFFD0C7526A6009B85CC /* NSBezierPath+GCAdditions.h */ = {isa = PBXFileReference; fileEncoding = 30; lastKnownFileType = sourcecode.c.h; path = "NSBezierPath+GCAdditions.h"; sourceTree = "<group>"; };
		BF58CFFE0C7526A6009B85CC /* NSBezierPath+GCAdditions.m */ = {isa = PBXFileReference; fileEncoding = 30; lastKnownFileType = sourcecode.c.objc; path = "NSBezierPath+GCAdditions.m"; sourceTree = "<group>"; };
		BF58CFFF0C7526A6009B85CC /* NSFolderManagerAdditions.h */ = {isa = PBXFileReference; fileEncoding = 30; lastKnownFileType = sourcecode.c.h; path = NSFolderManagerAdditions.h; sourceTree = "<group>"; };
		BF58D0000C7526A6009B85CC /* NSFolderManagerAdditions.m */ = {isa = PBXFileReference; fileEncoding = 30; lastKnownFileType = sourcecode.c.objc; path = NSFolderManagerAdditions.m; sourceTree = "<group>"; };
		BF58D0010C7526A6009B85CC /* WTGradientControl.h */ = {isa = PBXFileReference; fileEncoding = 30; lastKnownFileType = sourcecode.c.h; path = WTGradientControl.h; sourceTree = "<group>"; };
		BF58D0020C7526A6009B85CC /* WTGradientControl.m */ = {isa = PBXFileReference; fileEncoding = 30; lastKnownFileType = sourcecode.c.objc; path = WTGradientControl.m; sourceTree = "<group>"; };
		BF58D0030C7526A6009B85CC /* WTPlistKeyValueCoding.h */ = {isa = PBXFileReference; fileEncoding = 30; lastKnownFileType = sourcecode.c.h; path = WTPlistKeyValueCoding.h; sourceTree = "<group>"; };
		BF58D0040C7526A6009B85CC /* WTPlistKeyValueCoding.m */ = {isa = PBXFileReference; fileEncoding = 30; lastKnownFileType = sourcecode.c.objc; path = WTPlistKeyValueCoding.m; sourceTree = "<group>"; };
		BF700E1C0BF6B59F00080B21 /* GCStyleInspector.h */ = {isa = PBXFileReference; fileEncoding = 4; lastKnownFileType = sourcecode.c.h; path = GCStyleInspector.h; sourceTree = "<group>"; };
		BF700E1D0BF6B59F00080B21 /* GCStyleInspector.m */ = {isa = PBXFileReference; fileEncoding = 4; lastKnownFileType = sourcecode.c.objc; path = GCStyleInspector.m; sourceTree = "<group>"; };
		BF70193F0BFD8A3900080B21 /* GCDashEditor.h */ = {isa = PBXFileReference; fileEncoding = 4; lastKnownFileType = sourcecode.c.h; path = GCDashEditor.h; sourceTree = "<group>"; };
		BF7019400BFD8A3900080B21 /* GCDashEditor.m */ = {isa = PBXFileReference; fileEncoding = 4; lastKnownFileType = sourcecode.c.objc; path = GCDashEditor.m; sourceTree = "<group>"; };
		BF701A090BFDAAD800080B21 /* GCDashEditView.h */ = {isa = PBXFileReference; fileEncoding = 4; lastKnownFileType = sourcecode.c.h; path = GCDashEditView.h; sourceTree = "<group>"; };
		BF701A0A0BFDAAD800080B21 /* GCDashEditView.m */ = {isa = PBXFileReference; fileEncoding = 4; lastKnownFileType = sourcecode.c.objc; path = GCDashEditView.m; sourceTree = "<group>"; };
		BF8726560D91E3FC001F09AC /* GCDrawDemoPrefsController.m */ = {isa = PBXFileReference; fileEncoding = 4; lastKnownFileType = sourcecode.c.objc; path = GCDrawDemoPrefsController.m; sourceTree = "<group>"; };
		BF8726570D91E3FC001F09AC /* GCDrawDemoPrefsController.h */ = {isa = PBXFileReference; fileEncoding = 4; lastKnownFileType = sourcecode.c.h; path = GCDrawDemoPrefsController.h; sourceTree = "<group>"; };
		BF87265A0D91E53B001F09AC /* English */ = {isa = PBXFileReference; lastKnownFileType = file.xib; name = English; path = English.lproj/Preferences.xib; sourceTree = "<group>"; };
		BF88FC9A0C1D0CA100A23755 /* GCToolPalette.h */ = {isa = PBXFileReference; fileEncoding = 4; lastKnownFileType = sourcecode.c.h; path = GCToolPalette.h; sourceTree = "<group>"; };
		BF88FC9B0C1D0CA100A23755 /* GCToolPalette.m */ = {isa = PBXFileReference; fileEncoding = 4; lastKnownFileType = sourcecode.c.objc; path = GCToolPalette.m; sourceTree = "<group>"; };
		BF8C00B10E408F1D004206C9 /* GCDrawDemoDocument+ShortestRoute.h */ = {isa = PBXFileReference; fileEncoding = 4; lastKnownFileType = sourcecode.c.h; path = "GCDrawDemoDocument+ShortestRoute.h"; sourceTree = "<group>"; };
		BF8C00B20E408F1D004206C9 /* GCDrawDemoDocument+ShortestRoute.m */ = {isa = PBXFileReference; fileEncoding = 4; lastKnownFileType = sourcecode.c.objc; path = "GCDrawDemoDocument+ShortestRoute.m"; sourceTree = "<group>"; };
		BF9515790DBB6E03009E8CEC /* RSVerticallyCenteredTextFieldCell.h */ = {isa = PBXFileReference; fileEncoding = 4; lastKnownFileType = sourcecode.c.h; path = RSVerticallyCenteredTextFieldCell.h; sourceTree = "<group>"; };
		BF95157A0DBB6E03009E8CEC /* RSVerticallyCenteredTextFieldCell.m */ = {isa = PBXFileReference; fileEncoding = 4; lastKnownFileType = sourcecode.c.objc; path = RSVerticallyCenteredTextFieldCell.m; sourceTree = "<group>"; };
		BFA967080D7580BC00D976CB /* GCBasicDialogController.m */ = {isa = PBXFileReference; fileEncoding = 4; lastKnownFileType = sourcecode.c.objc; path = GCBasicDialogController.m; sourceTree = "<group>"; };
		BFA967090D7580BC00D976CB /* GCBasicDialogController.h */ = {isa = PBXFileReference; fileEncoding = 4; lastKnownFileType = sourcecode.c.h; path = GCBasicDialogController.h; sourceTree = "<group>"; };
		BFAA66470DBEDDE500EE8236 /* GCOutlineView.h */ = {isa = PBXFileReference; fileEncoding = 4; lastKnownFileType = sourcecode.c.h; path = GCOutlineView.h; sourceTree = "<group>"; };
		BFAA66480DBEDDE500EE8236 /* GCOutlineView.m */ = {isa = PBXFileReference; fileEncoding = 4; lastKnownFileType = sourcecode.c.objc; path = GCOutlineView.m; sourceTree = "<group>"; };
		BFDB12430C2B81630034C27C /* GCPolarDuplicateController.m */ = {isa = PBXFileReference; fileEncoding = 4; lastKnownFileType = sourcecode.c.objc; path = GCPolarDuplicateController.m; sourceTree = "<group>"; };
		BFDB12440C2B81630034C27C /* GCPolarDuplicateController.h */ = {isa = PBXFileReference; fileEncoding = 4; lastKnownFileType = sourcecode.c.h; path = GCPolarDuplicateController.h; sourceTree = "<group>"; };
		BFF06B1D0C3892F3008D427F /* DrawingSizeController.h */ = {isa = PBXFileReference; fileEncoding = 4; lastKnownFileType = sourcecode.c.h; path = DrawingSizeController.h; sourceTree = "<group>"; };
		BFF06B1E0C3892F3008D427F /* DrawingSizeController.m */ = {isa = PBXFileReference; fileEncoding = 4; lastKnownFileType = sourcecode.c.objc; path = DrawingSizeController.m; sourceTree = "<group>"; };
		BFF06D330C3B5204008D427F /* GCObjectInspector.m */ = {isa = PBXFileReference; fileEncoding = 4; lastKnownFileType = sourcecode.c.objc; path = GCObjectInspector.m; sourceTree = "<group>"; };
		BFF06D340C3B5204008D427F /* GCObjectInspector.h */ = {isa = PBXFileReference; fileEncoding = 4; lastKnownFileType = sourcecode.c.h; path = GCObjectInspector.h; sourceTree = "<group>"; };
		BFF071640C3FAE8D008D427F /* GCDrawDemoDocument+TimelineLayout.h */ = {isa = PBXFileReference; fileEncoding = 4; lastKnownFileType = sourcecode.c.h; path = "GCDrawDemoDocument+TimelineLayout.h"; sourceTree = "<group>"; };
		BFF071650C3FAE8D008D427F /* GCDrawDemoDocument+TimelineLayout.m */ = {isa = PBXFileReference; fileEncoding = 4; lastKnownFileType = sourcecode.c.objc; path = "GCDrawDemoDocument+TimelineLayout.m"; sourceTree = "<group>"; };
		BFF08D5A0C583808008D427F /* GCLayersPaletteController.h */ = {isa = PBXFileReference; fileEncoding = 4; lastKnownFileType = sourcecode.c.h; path = GCLayersPaletteController.h; sourceTree = "<group>"; };
		BFF08D5B0C583808008D427F /* GCLayersPaletteController.m */ = {isa = PBXFileReference; fileEncoding = 4; lastKnownFileType = sourcecode.c.objc; path = GCLayersPaletteController.m; sourceTree = "<group>"; };
		BFF08EC30C58CE4A008D427F /* GCStyleManagerDialog.h */ = {isa = PBXFileReference; fileEncoding = 4; lastKnownFileType = sourcecode.c.h; path = GCStyleManagerDialog.h; sourceTree = "<group>"; };
		BFF08EC40C58CE4A008D427F /* GCStyleManagerDialog.m */ = {isa = PBXFileReference; fileEncoding = 4; lastKnownFileType = sourcecode.c.objc; path = GCStyleManagerDialog.m; sourceTree = "<group>"; };
		BFF090930C5C4ECF008D427F /* GCCheckboxCell.h */ = {isa = PBXFileReference; fileEncoding = 4; lastKnownFileType = sourcecode.c.h; path = GCCheckboxCell.h; sourceTree = "<group>"; };
		BFF090940C5C4ECF008D427F /* GCCheckboxCell.m */ = {isa = PBXFileReference; fileEncoding = 4; lastKnownFileType = sourcecode.c.objc; path = GCCheckboxCell.m; sourceTree = "<group>"; };
		BFF090B20C5C53C6008D427F /* GCTableView.h */ = {isa = PBXFileReference; fileEncoding = 4; lastKnownFileType = sourcecode.c.h; path = GCTableView.h; sourceTree = "<group>"; };
		BFF090B30C5C53C6008D427F /* GCTableView.m */ = {isa = PBXFileReference; fileEncoding = 4; lastKnownFileType = sourcecode.c.objc; path = GCTableView.m; sourceTree = "<group>"; };
		BFFC4FC10DA19786003E1655 /* GCLinearDuplicateController.h */ = {isa = PBXFileReference; fileEncoding = 4; lastKnownFileType = sourcecode.c.h; path = GCLinearDuplicateController.h; sourceTree = "<group>"; };
		BFFC4FC20DA19786003E1655 /* GCLinearDuplicateController.m */ = {isa = PBXFileReference; fileEncoding = 4; lastKnownFileType = sourcecode.c.objc; path = GCLinearDuplicateController.m; sourceTree = "<group>"; };
/* End PBXFileReference section */

/* Begin PBXFrameworksBuildPhase section */
		8D15AC330486D014006FF6A4 /* Frameworks */ = {
			isa = PBXFrameworksBuildPhase;
			buildActionMask = 2147483647;
			files = (
				8D15AC340486D014006FF6A4 /* Cocoa.framework in Frameworks */,
				AA89A4B10D7E0D2D0092F050 /* DKDrawKit.framework in Frameworks */,
				965B6AD00C28ACDB00FFCC95 /* QuartzCore.framework in Frameworks */,
			);
			runOnlyForDeploymentPostprocessing = 0;
		};
/* End PBXFrameworksBuildPhase section */

/* Begin PBXGroup section */
		1058C7A6FEA54F5311CA2CBB /* Linked Frameworks */ = {
			isa = PBXGroup;
			children = (
				1058C7A7FEA54F5311CA2CBB /* Cocoa.framework */,
			);
			name = "Linked Frameworks";
			sourceTree = "<group>";
		};
		1058C7A8FEA54F5311CA2CBB /* Other Frameworks */ = {
			isa = PBXGroup;
			children = (
				2A37F4C4FDCFA73011CA2CEA /* AppKit.framework */,
				13E42FBA07B3F13500E4EEF1 /* CoreData.framework */,
				2A37F4C5FDCFA73011CA2CEA /* Foundation.framework */,
				965B6ACF0C28ACDB00FFCC95 /* QuartzCore.framework */,
			);
			name = "Other Frameworks";
			sourceTree = "<group>";
		};
		19C28FB0FE9D524F11CA2CBB /* Products */ = {
			isa = PBXGroup;
			children = (
				8D15AC370486D014006FF6A4 /* GCDrawDemo.app */,
			);
			name = Products;
			sourceTree = "<group>";
		};
		2A37F4AAFDCFA73011CA2CEA /* GCDrawDemo */ = {
			isa = PBXGroup;
			children = (
				AA80733D0DA4951B005BCAA0 /* DrawDemo.xcconfig */,
				AA8073650DA49912005BCAA0 /* DrawDemoInfo.plist */,
				AA89A4550D7E03B90092F050 /* DrawKit.xcodeproj */,
				2A37F4ABFDCFA73011CA2CEA /* Classes */,
				2A37F4AFFDCFA73011CA2CEA /* Other Sources */,
				2A37F4B8FDCFA73011CA2CEA /* Resources */,
				2A37F4C3FDCFA73011CA2CEA /* Frameworks */,
				19C28FB0FE9D524F11CA2CBB /* Products */,
			);
			name = GCDrawDemo;
			sourceTree = "<group>";
		};
		2A37F4ABFDCFA73011CA2CEA /* Classes */ = {
			isa = PBXGroup;
			children = (
				BF58CFE00C7526A6009B85CC /* GP for GCDrawDemo */,
				BFF06B1D0C3892F3008D427F /* DrawingSizeController.h */,
				BFF06B1E0C3892F3008D427F /* DrawingSizeController.m */,
				BFA967090D7580BC00D976CB /* GCBasicDialogController.h */,
				BFA967080D7580BC00D976CB /* GCBasicDialogController.m */,
				BFF090930C5C4ECF008D427F /* GCCheckboxCell.h */,
				BFF090940C5C4ECF008D427F /* GCCheckboxCell.m */,
				BF70193F0BFD8A3900080B21 /* GCDashEditor.h */,
				BF7019400BFD8A3900080B21 /* GCDashEditor.m */,
				BF701A090BFDAAD800080B21 /* GCDashEditView.h */,
				BF701A0A0BFDAAD800080B21 /* GCDashEditView.m */,
				96F5177A0B8A72760047BA96 /* GCDrawKitAppDelegate.h */,
				96F5177B0B8A72760047BA96 /* GCDrawKitAppDelegate.m */,
				BFF08D5A0C583808008D427F /* GCLayersPaletteController.h */,
				BFF08D5B0C583808008D427F /* GCLayersPaletteController.m */,
				BFF06D340C3B5204008D427F /* GCObjectInspector.h */,
				BFF06D330C3B5204008D427F /* GCObjectInspector.m */,
				BFDB12440C2B81630034C27C /* GCPolarDuplicateController.h */,
				BFDB12430C2B81630034C27C /* GCPolarDuplicateController.m */,
				BFFC4FC10DA19786003E1655 /* GCLinearDuplicateController.h */,
				BFFC4FC20DA19786003E1655 /* GCLinearDuplicateController.m */,
				BF700E1C0BF6B59F00080B21 /* GCStyleInspector.h */,
				BF700E1D0BF6B59F00080B21 /* GCStyleInspector.m */,
				BFF08EC30C58CE4A008D427F /* GCStyleManagerDialog.h */,
				BFF08EC40C58CE4A008D427F /* GCStyleManagerDialog.m */,
				BFF090B20C5C53C6008D427F /* GCTableView.h */,
				BFF090B30C5C53C6008D427F /* GCTableView.m */,
				BFAA66470DBEDDE500EE8236 /* GCOutlineView.h */,
				BFAA66480DBEDDE500EE8236 /* GCOutlineView.m */,
				BF88FC9A0C1D0CA100A23755 /* GCToolPalette.h */,
				BF88FC9B0C1D0CA100A23755 /* GCToolPalette.m */,
				2A37F4AEFDCFA73011CA2CEA /* GCDrawDemoDocument.h */,
				2A37F4ACFDCFA73011CA2CEA /* GCDrawDemoDocument.m */,
				BFF071640C3FAE8D008D427F /* GCDrawDemoDocument+TimelineLayout.h */,
				BFF071650C3FAE8D008D427F /* GCDrawDemoDocument+TimelineLayout.m */,
				BF8C00B10E408F1D004206C9 /* GCDrawDemoDocument+ShortestRoute.h */,
				BF8C00B20E408F1D004206C9 /* GCDrawDemoDocument+ShortestRoute.m */,
				BF8726570D91E3FC001F09AC /* GCDrawDemoPrefsController.h */,
				BF8726560D91E3FC001F09AC /* GCDrawDemoPrefsController.m */,
				BF9515790DBB6E03009E8CEC /* RSVerticallyCenteredTextFieldCell.h */,
				BF95157A0DBB6E03009E8CEC /* RSVerticallyCenteredTextFieldCell.m */,
				BF3579730DEE5F5C00C9B16D /* NSWindow+SheetAdditions.h */,
				BF3579740DEE5F5C00C9B16D /* NSWindow+SheetAdditions.m */,
				BF2866260E26ED05001CD43F /* GCExportOptionsController.h */,
				BF2866270E26ED05001CD43F /* GCExportOptionsController.m */,
			);
			name = Classes;
			path = Code;
			sourceTree = "<group>";
		};
		2A37F4AFFDCFA73011CA2CEA /* Other Sources */ = {
			isa = PBXGroup;
			children = (
				32DBCF750370BD2300C91783 /* DrawDemo_Prefix.pch */,
				2A37F4B0FDCFA73011CA2CEA /* main.m */,
			);
			name = "Other Sources";
			sourceTree = "<group>";
		};
		2A37F4B8FDCFA73011CA2CEA /* Resources */ = {
			isa = PBXGroup;
			children = (
				55EFF2221FDE8DE0007A4610 /* Assets.xcassets */,
				2A37F4B9FDCFA73011CA2CEA /* Credits.rtf */,
				AA7431D20D80FF3D0013CA82 /* DKGraphicInspector.xib */,
				AA7431D60D80FF830013CA82 /* Drawingsize.xib */,
				AA206DD20D90A0E6003205BD /* GCDrawDemoDocument.xib */,
				089C165FFE840EACC02AAC07 /* InfoPlist.strings */,
				AA7431E00D8101230013CA82 /* LayersPalette.xib */,
				AA7431E30D81015B0013CA82 /* MainMenu.xib */,
				AA7431E90D8101660013CA82 /* ObjectInspector.xib */,
				AA7431EC0D81016B0013CA82 /* StyleInspector.xib */,
				AA7431EF0D8101720013CA82 /* StyleManager.xib */,
				AA7431F20D8101790013CA82 /* ToolPalette.xib */,
				BF8726590D91E53B001F09AC /* Preferences.xib */,
				551B08551FDF5650008AE439 /* Localizable.strings */,
			);
			path = Resources;
			sourceTree = "<group>";
		};
		2A37F4C3FDCFA73011CA2CEA /* Frameworks */ = {
			isa = PBXGroup;
			children = (
				1058C7A6FEA54F5311CA2CBB /* Linked Frameworks */,
				1058C7A8FEA54F5311CA2CBB /* Other Frameworks */,
			);
			name = Frameworks;
			sourceTree = "<group>";
		};
		AA89A4560D7E03B90092F050 /* Products */ = {
			isa = PBXGroup;
			children = (
				AA89A45E0D7E03B90092F050 /* DKDrawKit.framework */,
				BFCFD4F80F69D7630027A583 /* DKUnitTests.xctest */,
				55EFF2141FDE4970007A4610 /* DrawKitSwift.framework */,
			);
			name = Products;
			sourceTree = "<group>";
		};
		BF58CFE00C7526A6009B85CC /* GP for GCDrawDemo */ = {
			isa = PBXGroup;
			children = (
				BF58CFE10C7526A6009B85CC /* DKGradientCell.h */,
				BF58CFE20C7526A6009B85CC /* DKGradientCell.m */,
				BF58CFE30C7526A6009B85CC /* GCColourPickerView.h */,
				BF58CFE40C7526A6009B85CC /* GCColourPickerView.m */,
				BF58CFE50C7526A6009B85CC /* GCGradientCell.h */,
				BF58CFE60C7526A6009B85CC /* GCGradientCell.m */,
				BF58CFE90C7526A6009B85CC /* GCGradientPasteboard.h */,
				BF58CFEA0C7526A6009B85CC /* GCGradientPasteboard.m */,
				BF58CFEB0C7526A6009B85CC /* GCGradientWell.h */,
				BF58CFEC0C7526A6009B85CC /* GCGradientWell.m */,
				BF58CFED0C7526A6009B85CC /* GCMiniCircularSlider.h */,
				BF58CFEE0C7526A6009B85CC /* GCMiniCircularSlider.m */,
				BF58CFEF0C7526A6009B85CC /* GCMiniControl.h */,
				BF58CFF00C7526A6009B85CC /* GCMiniControl.m */,
				BF58CFF10C7526A6009B85CC /* GCMiniControlCluster.h */,
				BF58CFF20C7526A6009B85CC /* GCMiniControlCluster.m */,
				BF58CFF30C7526A6009B85CC /* GCMiniRadialControl2.h */,
				BF58CFF40C7526A6009B85CC /* GCMiniRadialControl2.m */,
				BF58CFF50C7526A6009B85CC /* GCMiniRadialControls.h */,
				BF58CFF60C7526A6009B85CC /* GCMiniRadialControls.m */,
				BF58CFF70C7526A6009B85CC /* GCMiniSlider.h */,
				BF58CFF80C7526A6009B85CC /* GCMiniSlider.m */,
				BF58CFF90C7526A6009B85CC /* GCSpecialColorWell.h */,
				BF58CFFA0C7526A6009B85CC /* GCSpecialColorWell.m */,
				BF58CFFB0C7526A6009B85CC /* GCWindowMenu.h */,
				BF58CFFC0C7526A6009B85CC /* GCWindowMenu.m */,
				BF58CFFD0C7526A6009B85CC /* NSBezierPath+GCAdditions.h */,
				BF58CFFE0C7526A6009B85CC /* NSBezierPath+GCAdditions.m */,
				BF58CFFF0C7526A6009B85CC /* NSFolderManagerAdditions.h */,
				BF58D0000C7526A6009B85CC /* NSFolderManagerAdditions.m */,
				BF58D0010C7526A6009B85CC /* WTGradientControl.h */,
				BF58D0020C7526A6009B85CC /* WTGradientControl.m */,
				BF58D0030C7526A6009B85CC /* WTPlistKeyValueCoding.h */,
				BF58D0040C7526A6009B85CC /* WTPlistKeyValueCoding.m */,
			);
			path = "GP for GCDrawDemo";
			sourceTree = "<group>";
		};
/* End PBXGroup section */

/* Begin PBXNativeTarget section */
		8D15AC270486D014006FF6A4 /* DrawDemo */ = {
			isa = PBXNativeTarget;
			buildConfigurationList = C05733C708A9546B00998B17 /* Build configuration list for PBXNativeTarget "DrawDemo" */;
			buildPhases = (
				8D15AC2B0486D014006FF6A4 /* Resources */,
				8D15AC300486D014006FF6A4 /* Sources */,
				8D15AC330486D014006FF6A4 /* Frameworks */,
				AA89A27A0D7DCB800092F050 /* Copy Frameworks */,
			);
			buildRules = (
			);
			dependencies = (
				AA89A4620D7E03D00092F050 /* PBXTargetDependency */,
			);
			name = DrawDemo;
			productInstallPath = "$(HOME)/Applications";
			productName = GCDrawDemo;
			productReference = 8D15AC370486D014006FF6A4 /* GCDrawDemo.app */;
			productType = "com.apple.product-type.application";
		};
/* End PBXNativeTarget section */

/* Begin PBXProject section */
		2A37F4A9FDCFA73011CA2CEA /* Project object */ = {
			isa = PBXProject;
			attributes = {
				LastUpgradeCheck = 0920;
				ORGANIZATIONNAME = DrawKit;
			};
			buildConfigurationList = C05733CB08A9546B00998B17 /* Build configuration list for PBXProject "DrawDemo" */;
			compatibilityVersion = "Xcode 3.2";
			developmentRegion = en;
			hasScannedForEncodings = 1;
			knownRegions = (
				en,
			);
			mainGroup = 2A37F4AAFDCFA73011CA2CEA /* GCDrawDemo */;
			projectDirPath = "";
			projectReferences = (
				{
					ProductGroup = AA89A4560D7E03B90092F050 /* Products */;
					ProjectRef = AA89A4550D7E03B90092F050 /* DrawKit.xcodeproj */;
				},
			);
			projectRoot = "";
			targets = (
				8D15AC270486D014006FF6A4 /* DrawDemo */,
			);
		};
/* End PBXProject section */

/* Begin PBXReferenceProxy section */
		55EFF2141FDE4970007A4610 /* DrawKitSwift.framework */ = {
			isa = PBXReferenceProxy;
			fileType = wrapper.framework;
			path = DrawKitSwift.framework;
			remoteRef = 55EFF2131FDE4970007A4610 /* PBXContainerItemProxy */;
			sourceTree = BUILT_PRODUCTS_DIR;
		};
		AA89A45E0D7E03B90092F050 /* DKDrawKit.framework */ = {
			isa = PBXReferenceProxy;
			fileType = wrapper.framework;
			path = DKDrawKit.framework;
			remoteRef = AA89A45D0D7E03B90092F050 /* PBXContainerItemProxy */;
			sourceTree = BUILT_PRODUCTS_DIR;
		};
		BFCFD4F80F69D7630027A583 /* DKUnitTests.xctest */ = {
			isa = PBXReferenceProxy;
			fileType = wrapper.cfbundle;
			path = DKUnitTests.xctest;
			remoteRef = BFCFD4F70F69D7630027A583 /* PBXContainerItemProxy */;
			sourceTree = BUILT_PRODUCTS_DIR;
		};
/* End PBXReferenceProxy section */

/* Begin PBXResourcesBuildPhase section */
		8D15AC2B0486D014006FF6A4 /* Resources */ = {
			isa = PBXResourcesBuildPhase;
			buildActionMask = 2147483647;
			files = (
				8D15AC2C0486D014006FF6A4 /* Credits.rtf in Resources */,
				8D15AC2F0486D014006FF6A4 /* InfoPlist.strings in Resources */,
				AA7431D40D80FF3D0013CA82 /* DKGraphicInspector.xib in Resources */,
				551B08531FDF5650008AE439 /* Localizable.strings in Resources */,
				AA7431D80D80FF830013CA82 /* Drawingsize.xib in Resources */,
				AA7431E20D8101230013CA82 /* LayersPalette.xib in Resources */,
				AA7431E50D81015B0013CA82 /* MainMenu.xib in Resources */,
				AA7431EB0D8101660013CA82 /* ObjectInspector.xib in Resources */,
				AA7431EE0D81016B0013CA82 /* StyleInspector.xib in Resources */,
				AA7431F10D8101720013CA82 /* StyleManager.xib in Resources */,
				AA7431F40D8101790013CA82 /* ToolPalette.xib in Resources */,
				AA206DD40D90A0E6003205BD /* GCDrawDemoDocument.xib in Resources */,
				BF87265B0D91E53B001F09AC /* Preferences.xib in Resources */,
				55EFF2231FDE8DE0007A4610 /* Assets.xcassets in Resources */,
			);
			runOnlyForDeploymentPostprocessing = 0;
		};
/* End PBXResourcesBuildPhase section */

/* Begin PBXSourcesBuildPhase section */
		8D15AC300486D014006FF6A4 /* Sources */ = {
			isa = PBXSourcesBuildPhase;
			buildActionMask = 2147483647;
			files = (
				8D15AC310486D014006FF6A4 /* GCDrawDemoDocument.m in Sources */,
				8D15AC320486D014006FF6A4 /* main.m in Sources */,
				96F5177E0B8A72760047BA96 /* GCDrawKitAppDelegate.m in Sources */,
				BF700E1F0BF6B59F00080B21 /* GCStyleInspector.m in Sources */,
				BF7019420BFD8A3900080B21 /* GCDashEditor.m in Sources */,
				BF701A0C0BFDAAD800080B21 /* GCDashEditView.m in Sources */,
				BF88FC9D0C1D0CA100A23755 /* GCToolPalette.m in Sources */,
				BFDB12450C2B81630034C27C /* GCPolarDuplicateController.m in Sources */,
				BFF06B200C3892F3008D427F /* DrawingSizeController.m in Sources */,
				BFF06D350C3B5204008D427F /* GCObjectInspector.m in Sources */,
				BFF071670C3FAE8D008D427F /* GCDrawDemoDocument+TimelineLayout.m in Sources */,
				BFF08D5D0C583808008D427F /* GCLayersPaletteController.m in Sources */,
				BFF08EC60C58CE4A008D427F /* GCStyleManagerDialog.m in Sources */,
				BFF090960C5C4ECF008D427F /* GCCheckboxCell.m in Sources */,
				BFF090B50C5C53C6008D427F /* GCTableView.m in Sources */,
				BF58D0060C7526A6009B85CC /* DKGradientCell.m in Sources */,
				BF58D0080C7526A6009B85CC /* GCColourPickerView.m in Sources */,
				BF58D00A0C7526A6009B85CC /* GCGradientCell.m in Sources */,
				BF58D00E0C7526A6009B85CC /* GCGradientPasteboard.m in Sources */,
				BF58D0100C7526A6009B85CC /* GCGradientWell.m in Sources */,
				BF58D0120C7526A6009B85CC /* GCMiniCircularSlider.m in Sources */,
				BF58D0140C7526A6009B85CC /* GCMiniControl.m in Sources */,
				BF58D0160C7526A6009B85CC /* GCMiniControlCluster.m in Sources */,
				BF58D0180C7526A6009B85CC /* GCMiniRadialControl2.m in Sources */,
				BF58D01A0C7526A6009B85CC /* GCMiniRadialControls.m in Sources */,
				BF58D01C0C7526A6009B85CC /* GCMiniSlider.m in Sources */,
				BF58D01E0C7526A6009B85CC /* GCSpecialColorWell.m in Sources */,
				BF58D0200C7526A6009B85CC /* GCWindowMenu.m in Sources */,
				BF58D0220C7526A6009B85CC /* NSBezierPath+GCAdditions.m in Sources */,
				BF58D0240C7526A6009B85CC /* NSFolderManagerAdditions.m in Sources */,
				BF58D0260C7526A6009B85CC /* WTGradientControl.m in Sources */,
				BF58D0280C7526A6009B85CC /* WTPlistKeyValueCoding.m in Sources */,
				BFA9670A0D7580BC00D976CB /* GCBasicDialogController.m in Sources */,
				BF8726580D91E3FC001F09AC /* GCDrawDemoPrefsController.m in Sources */,
				BFFC4FC30DA19786003E1655 /* GCLinearDuplicateController.m in Sources */,
				BF95157B0DBB6E03009E8CEC /* RSVerticallyCenteredTextFieldCell.m in Sources */,
				BFAA66490DBEDDE500EE8236 /* GCOutlineView.m in Sources */,
				BF3579750DEE5F5C00C9B16D /* NSWindow+SheetAdditions.m in Sources */,
				BF2866280E26ED05001CD43F /* GCExportOptionsController.m in Sources */,
				BF8C00B30E408F1D004206C9 /* GCDrawDemoDocument+ShortestRoute.m in Sources */,
			);
			runOnlyForDeploymentPostprocessing = 0;
		};
/* End PBXSourcesBuildPhase section */

/* Begin PBXTargetDependency section */
		AA89A4620D7E03D00092F050 /* PBXTargetDependency */ = {
			isa = PBXTargetDependency;
			name = DrawKit;
			targetProxy = AA89A4610D7E03D00092F050 /* PBXContainerItemProxy */;
		};
/* End PBXTargetDependency section */

/* Begin PBXVariantGroup section */
		089C165FFE840EACC02AAC07 /* InfoPlist.strings */ = {
			isa = PBXVariantGroup;
			children = (
				089C1660FE840EACC02AAC07 /* InfoPlist.strings */,
			);
			name = InfoPlist.strings;
			sourceTree = "<group>";
		};
		2A37F4B9FDCFA73011CA2CEA /* Credits.rtf */ = {
			isa = PBXVariantGroup;
			children = (
				2A37F4BAFDCFA73011CA2CEA /* Credits.rtf */,
			);
			name = Credits.rtf;
			sourceTree = "<group>";
		};
		551B08551FDF5650008AE439 /* Localizable.strings */ = {
			isa = PBXVariantGroup;
			children = (
				551B08541FDF5650008AE439 /* en */,
			);
			name = Localizable.strings;
			sourceTree = "<group>";
		};
		AA206DD20D90A0E6003205BD /* GCDrawDemoDocument.xib */ = {
			isa = PBXVariantGroup;
			children = (
				AA206DD30D90A0E6003205BD /* English */,
			);
			name = GCDrawDemoDocument.xib;
			sourceTree = "<group>";
		};
		AA7431D20D80FF3D0013CA82 /* DKGraphicInspector.xib */ = {
			isa = PBXVariantGroup;
			children = (
				AA7431D30D80FF3D0013CA82 /* English */,
			);
			name = DKGraphicInspector.xib;
			sourceTree = "<group>";
		};
		AA7431D60D80FF830013CA82 /* Drawingsize.xib */ = {
			isa = PBXVariantGroup;
			children = (
				AA7431D70D80FF830013CA82 /* English */,
			);
			name = Drawingsize.xib;
			sourceTree = "<group>";
		};
		AA7431E00D8101230013CA82 /* LayersPalette.xib */ = {
			isa = PBXVariantGroup;
			children = (
				AA7431E10D8101230013CA82 /* English */,
			);
			name = LayersPalette.xib;
			sourceTree = "<group>";
		};
		AA7431E30D81015B0013CA82 /* MainMenu.xib */ = {
			isa = PBXVariantGroup;
			children = (
				AA7431E40D81015B0013CA82 /* English */,
			);
			name = MainMenu.xib;
			sourceTree = "<group>";
		};
		AA7431E90D8101660013CA82 /* ObjectInspector.xib */ = {
			isa = PBXVariantGroup;
			children = (
				AA7431EA0D8101660013CA82 /* English */,
			);
			name = ObjectInspector.xib;
			sourceTree = "<group>";
		};
		AA7431EC0D81016B0013CA82 /* StyleInspector.xib */ = {
			isa = PBXVariantGroup;
			children = (
				AA7431ED0D81016B0013CA82 /* English */,
			);
			name = StyleInspector.xib;
			sourceTree = "<group>";
		};
		AA7431EF0D8101720013CA82 /* StyleManager.xib */ = {
			isa = PBXVariantGroup;
			children = (
				AA7431F00D8101720013CA82 /* English */,
			);
			name = StyleManager.xib;
			sourceTree = "<group>";
		};
		AA7431F20D8101790013CA82 /* ToolPalette.xib */ = {
			isa = PBXVariantGroup;
			children = (
				AA7431F30D8101790013CA82 /* English */,
			);
			name = ToolPalette.xib;
			sourceTree = "<group>";
		};
		BF8726590D91E53B001F09AC /* Preferences.xib */ = {
			isa = PBXVariantGroup;
			children = (
				BF87265A0D91E53B001F09AC /* English */,
			);
			name = Preferences.xib;
			sourceTree = "<group>";
		};
/* End PBXVariantGroup section */

/* Begin XCBuildConfiguration section */
		C05733C808A9546B00998B17 /* Debug */ = {
			isa = XCBuildConfiguration;
			baseConfigurationReference = AA80733D0DA4951B005BCAA0 /* DrawDemo.xcconfig */;
			buildSettings = {
				ASSETCATALOG_COMPILER_APPICON_NAME = dkicon;
				COPY_PHASE_STRIP = NO;
				GCC_DYNAMIC_NO_PIC = NO;
				GCC_ENABLE_FIX_AND_CONTINUE = YES;
				GCC_PRECOMPILE_PREFIX_HEADER = NO;
				GCC_PREFIX_HEADER = Code/DrawDemo_Prefix.pch;
				GCC_PREPROCESSOR_DEFINITIONS = (
					"$(inherited)",
					qUseLogEvent,
				);
				INFOPLIST_FILE = DrawDemoInfo.plist;
				INFOPLIST_PREPROCESS = YES;
				INFOPLIST_PREPROCESSOR_DEFINITIONS = (
					"BUNDLE_ID_=net.apptree.gcdrawdemo",
					"VERSION_POSTFIX_=(Debug)",
				);
				INSTALL_PATH = "$(HOME)/Applications";
				PRODUCT_BUNDLE_IDENTIFIER = net.apptree.gcdrawdemo;
				PRODUCT_NAME = GCDrawDemo;
				WRAPPER_EXTENSION = app;
			};
			name = Debug;
		};
		C05733C908A9546B00998B17 /* Release */ = {
			isa = XCBuildConfiguration;
			baseConfigurationReference = AA80733D0DA4951B005BCAA0 /* DrawDemo.xcconfig */;
			buildSettings = {
				ASSETCATALOG_COMPILER_APPICON_NAME = dkicon;
				GCC_GENERATE_DEBUGGING_SYMBOLS = NO;
				GCC_PRECOMPILE_PREFIX_HEADER = NO;
				GCC_PREFIX_HEADER = Code/DrawDemo_Prefix.pch;
				GCC_PREPROCESSOR_DEFINITIONS = (
					"$(inherited)",
					qUseLogEvent,
				);
				INFOPLIST_FILE = DrawDemoInfo.plist;
				INFOPLIST_PREPROCESS = YES;
				INFOPLIST_PREPROCESSOR_DEFINITIONS = (
					"BUNDLE_ID_=net.apptree.gcdrawdemo",
					"VERSION_POSTFIX_=",
				);
				INSTALL_PATH = "$(HOME)/Applications";
				KEEP_PRIVATE_EXTERNS = NO;
				PRODUCT_BUNDLE_IDENTIFIER = net.apptree.gcdrawdemo;
				PRODUCT_NAME = GCDrawDemo;
				WRAPPER_EXTENSION = app;
			};
			name = Release;
		};
		C05733CC08A9546B00998B17 /* Debug */ = {
			isa = XCBuildConfiguration;
			baseConfigurationReference = AA80733D0DA4951B005BCAA0 /* DrawDemo.xcconfig */;
			buildSettings = {
				ALWAYS_SEARCH_USER_PATHS = NO;
				CLANG_ENABLE_MODULES = YES;
				CLANG_WARN_BLOCK_CAPTURE_AUTORELEASING = YES;
				CLANG_WARN_BOOL_CONVERSION = YES;
				CLANG_WARN_COMMA = YES;
				CLANG_WARN_CONSTANT_CONVERSION = YES;
				CLANG_WARN_EMPTY_BODY = YES;
				CLANG_WARN_ENUM_CONVERSION = YES;
				CLANG_WARN_INFINITE_RECURSION = YES;
				CLANG_WARN_INT_CONVERSION = YES;
				CLANG_WARN_NON_LITERAL_NULL_CONVERSION = YES;
				CLANG_WARN_OBJC_LITERAL_CONVERSION = YES;
				CLANG_WARN_RANGE_LOOP_ANALYSIS = YES;
				CLANG_WARN_STRICT_PROTOTYPES = YES;
				CLANG_WARN_SUSPICIOUS_MOVE = YES;
				CLANG_WARN_UNREACHABLE_CODE = YES;
				CLANG_WARN__DUPLICATE_METHOD_MATCH = YES;
				DEBUG_INFORMATION_FORMAT = dwarf;
				ENABLE_STRICT_OBJC_MSGSEND = YES;
				ENABLE_TESTABILITY = YES;
				GCC_C_LANGUAGE_STANDARD = gnu99;
				GCC_DEBUGGING_SYMBOLS = default;
				GCC_NO_COMMON_BLOCKS = YES;
				GCC_OPTIMIZATION_LEVEL = 0;
				GCC_PREPROCESSOR_DEFINITIONS = (
					qDebug,
					"$(GCC_PREPROCESSOR_DEFINITIONS)",
				);
				GCC_TREAT_WARNINGS_AS_ERRORS = NO;
				GCC_WARN_64_TO_32_BIT_CONVERSION = YES;
				GCC_WARN_ABOUT_MISSING_NEWLINE = YES;
				GCC_WARN_ABOUT_MISSING_PROTOTYPES = YES;
				GCC_WARN_ABOUT_RETURN_TYPE = YES;
				GCC_WARN_CHECK_SWITCH_STATEMENTS = YES;
				GCC_WARN_EFFECTIVE_CPLUSPLUS_VIOLATIONS = YES;
				GCC_WARN_FOUR_CHARACTER_CONSTANTS = YES;
				GCC_WARN_HIDDEN_VIRTUAL_FUNCTIONS = YES;
				GCC_WARN_INITIALIZER_NOT_FULLY_BRACKETED = YES;
				GCC_WARN_MISSING_PARENTHESES = YES;
				GCC_WARN_NON_VIRTUAL_DESTRUCTOR = YES;
				GCC_WARN_SHADOW = YES;
				GCC_WARN_SIGN_COMPARE = YES;
				GCC_WARN_TYPECHECK_CALLS_TO_PRINTF = YES;
				GCC_WARN_UNDECLARED_SELECTOR = YES;
				GCC_WARN_UNINITIALIZED_AUTOS = YES_AGGRESSIVE;
				GCC_WARN_UNKNOWN_PRAGMAS = YES;
				GCC_WARN_UNUSED_FUNCTION = YES;
				GCC_WARN_UNUSED_LABEL = YES;
				GCC_WARN_UNUSED_PARAMETER = YES;
				GCC_WARN_UNUSED_VALUE = YES;
				GCC_WARN_UNUSED_VARIABLE = YES;
				MACOSX_DEPLOYMENT_TARGET = 10.6;
				ONLY_ACTIVE_ARCH = YES;
				SDKROOT = macosx;
				VISIBLE_VERSION_NUMBER = 1.0b7;
				WARNING_CFLAGS = (
					"-Wall",
					"-Wcast-align",
					"-Wchar-subscripts",
					"-Wextra",
					"-Wextra-tokens",
					"-Wformat=2",
					"-Wmissing-field-initializers",
					"-Wpointer-arith",
					"-Wshadow",
					"-Wswitch-default",
					"-Wundef",
					"-Wwrite-strings",
				);
			};
			name = Debug;
		};
		C05733CD08A9546B00998B17 /* Release */ = {
			isa = XCBuildConfiguration;
			baseConfigurationReference = AA80733D0DA4951B005BCAA0 /* DrawDemo.xcconfig */;
			buildSettings = {
				ALWAYS_SEARCH_USER_PATHS = NO;
				CLANG_ENABLE_MODULES = YES;
				CLANG_WARN_BLOCK_CAPTURE_AUTORELEASING = YES;
				CLANG_WARN_BOOL_CONVERSION = YES;
				CLANG_WARN_COMMA = YES;
				CLANG_WARN_CONSTANT_CONVERSION = YES;
				CLANG_WARN_EMPTY_BODY = YES;
				CLANG_WARN_ENUM_CONVERSION = YES;
				CLANG_WARN_INFINITE_RECURSION = YES;
				CLANG_WARN_INT_CONVERSION = YES;
				CLANG_WARN_NON_LITERAL_NULL_CONVERSION = YES;
				CLANG_WARN_OBJC_LITERAL_CONVERSION = YES;
				CLANG_WARN_RANGE_LOOP_ANALYSIS = YES;
				CLANG_WARN_STRICT_PROTOTYPES = YES;
				CLANG_WARN_SUSPICIOUS_MOVE = YES;
				CLANG_WARN_UNREACHABLE_CODE = YES;
				CLANG_WARN__DUPLICATE_METHOD_MATCH = YES;
				DEBUG_INFORMATION_FORMAT = "dwarf-with-dsym";
				ENABLE_STRICT_OBJC_MSGSEND = YES;
				GCC_C_LANGUAGE_STANDARD = gnu99;
				GCC_NO_COMMON_BLOCKS = YES;
				GCC_PREPROCESSOR_DEFINITIONS = "$(GCC_PREPROCESSOR_DEFINITIONS)";
				GCC_TREAT_WARNINGS_AS_ERRORS = NO;
				GCC_WARN_64_TO_32_BIT_CONVERSION = YES;
				GCC_WARN_ABOUT_MISSING_NEWLINE = YES;
				GCC_WARN_ABOUT_MISSING_PROTOTYPES = YES;
				GCC_WARN_ABOUT_RETURN_TYPE = YES;
				GCC_WARN_CHECK_SWITCH_STATEMENTS = YES;
				GCC_WARN_EFFECTIVE_CPLUSPLUS_VIOLATIONS = YES;
				GCC_WARN_FOUR_CHARACTER_CONSTANTS = YES;
				GCC_WARN_HIDDEN_VIRTUAL_FUNCTIONS = YES;
				GCC_WARN_INITIALIZER_NOT_FULLY_BRACKETED = YES;
				GCC_WARN_MISSING_PARENTHESES = YES;
				GCC_WARN_NON_VIRTUAL_DESTRUCTOR = YES;
				GCC_WARN_SHADOW = YES;
				GCC_WARN_SIGN_COMPARE = YES;
				GCC_WARN_TYPECHECK_CALLS_TO_PRINTF = YES;
				GCC_WARN_UNDECLARED_SELECTOR = YES;
				GCC_WARN_UNINITIALIZED_AUTOS = YES_AGGRESSIVE;
				GCC_WARN_UNKNOWN_PRAGMAS = YES;
				GCC_WARN_UNUSED_FUNCTION = YES;
				GCC_WARN_UNUSED_LABEL = YES;
				GCC_WARN_UNUSED_PARAMETER = YES;
				GCC_WARN_UNUSED_VALUE = YES;
				GCC_WARN_UNUSED_VARIABLE = YES;
				MACOSX_DEPLOYMENT_TARGET = 10.6;
				SDKROOT = macosx;
				VISIBLE_VERSION_NUMBER = 1.0b7;
				WARNING_CFLAGS = (
					"-Wall",
					"-Wcast-align",
					"-Wchar-subscripts",
					"-Wextra",
					"-Wextra-tokens",
					"-Wformat=2",
					"-Wmissing-field-initializers",
					"-Wpointer-arith",
					"-Wshadow",
					"-Wswitch-default",
					"-Wundef",
					"-Wwrite-strings",
					"-W",
				);
			};
			name = Release;
		};
/* End XCBuildConfiguration section */

/* Begin XCConfigurationList section */
		C05733C708A9546B00998B17 /* Build configuration list for PBXNativeTarget "DrawDemo" */ = {
			isa = XCConfigurationList;
			buildConfigurations = (
				C05733C808A9546B00998B17 /* Debug */,
				C05733C908A9546B00998B17 /* Release */,
			);
			defaultConfigurationIsVisible = 0;
			defaultConfigurationName = Debug;
		};
		C05733CB08A9546B00998B17 /* Build configuration list for PBXProject "DrawDemo" */ = {
			isa = XCConfigurationList;
			buildConfigurations = (
				C05733CC08A9546B00998B17 /* Debug */,
				C05733CD08A9546B00998B17 /* Release */,
			);
			defaultConfigurationIsVisible = 0;
			defaultConfigurationName = Debug;
		};
/* End XCConfigurationList section */
	};
	rootObject = 2A37F4A9FDCFA73011CA2CEA /* Project object */;
}
